# THIS IS AN AUTOGENERATED FILE. DO NOT EDIT THIS FILE DIRECTLY.
# yarn lockfile v1


accepts@~1.3.3:
  version "1.3.3"
  resolved "https://registry.yarnpkg.com/accepts/-/accepts-1.3.3.tgz#c3ca7434938648c3e0d9c1e328dd68b622c284ca"
  dependencies:
    mime-types "~2.1.11"
    negotiator "0.6.1"

ansi-align@^2.0.0:
  version "2.0.0"
  resolved "https://registry.yarnpkg.com/ansi-align/-/ansi-align-2.0.0.tgz#c36aeccba563b89ceb556f3690f0b1d9e3547f7f"
  dependencies:
    string-width "^2.0.0"

ansi-regex@^2.0.0:
  version "2.1.1"
  resolved "https://registry.yarnpkg.com/ansi-regex/-/ansi-regex-2.1.1.tgz#c3b33ab5ee360d86e0e628f0468ae7ef27d654df"

ansi-regex@^3.0.0:
  version "3.0.0"
  resolved "https://registry.yarnpkg.com/ansi-regex/-/ansi-regex-3.0.0.tgz#ed0317c322064f79466c02966bddb605ab37d998"

ansi-styles@^2.2.1:
  version "2.2.1"
  resolved "https://registry.yarnpkg.com/ansi-styles/-/ansi-styles-2.2.1.tgz#b432dd3358b634cf75e1e4664368240533c1ddbe"

args@2.6.1:
  version "2.6.1"
  resolved "https://registry.yarnpkg.com/args/-/args-2.6.1.tgz#b2590ed4168cd31b62444199bdc5166bb1920c2f"
  dependencies:
    camelcase "4.1.0"
    chalk "1.1.3"
    minimist "1.2.0"
    pkginfo "0.4.0"
    string-similarity "1.1.0"

array-flatten@1.1.1:
  version "1.1.1"
  resolved "https://registry.yarnpkg.com/array-flatten/-/array-flatten-1.1.1.tgz#9a5f699051b1e7073328f2a008968b64ea2955d2"

async-to-gen@1.3.3:
  version "1.3.3"
  resolved "https://registry.yarnpkg.com/async-to-gen/-/async-to-gen-1.3.3.tgz#d52c9fb4801f0df44abc4d2de1870b48b60e20bb"
  dependencies:
    babylon "^6.14.0"
    magic-string "^0.19.0"

babylon@^6.14.0:
  version "6.17.4"
  resolved "https://registry.yarnpkg.com/babylon/-/babylon-6.17.4.tgz#3e8b7402b88d22c3423e137a1577883b15ff869a"

balanced-match@^1.0.0:
  version "1.0.0"
  resolved "https://registry.yarnpkg.com/balanced-match/-/balanced-match-1.0.0.tgz#89b4d199ab2bee49de164ea02b89ce462d71b767"

basic-auth@~1.1.0:
  version "1.1.0"
  resolved "https://registry.yarnpkg.com/basic-auth/-/basic-auth-1.1.0.tgz#45221ee429f7ee1e5035be3f51533f1cdfd29884"

bluebird@3.5.0:
  version "3.5.0"
  resolved "https://registry.yarnpkg.com/bluebird/-/bluebird-3.5.0.tgz#791420d7f551eea2897453a8a77653f96606d67c"

body-parser@^1.17.2:
  version "1.17.2"
  resolved "https://registry.yarnpkg.com/body-parser/-/body-parser-1.17.2.tgz#f8892abc8f9e627d42aedafbca66bf5ab99104ee"
  dependencies:
    bytes "2.4.0"
    content-type "~1.0.2"
    debug "2.6.7"
    depd "~1.1.0"
    http-errors "~1.6.1"
    iconv-lite "0.4.15"
    on-finished "~2.3.0"
    qs "6.4.0"
    raw-body "~2.2.0"
    type-is "~1.6.15"

boxen@1.1.0, boxen@^1.0.0:
  version "1.1.0"
  resolved "https://registry.yarnpkg.com/boxen/-/boxen-1.1.0.tgz#b1b69dd522305e807a99deee777dbd6e5167b102"
  dependencies:
    ansi-align "^2.0.0"
    camelcase "^4.0.0"
    chalk "^1.1.1"
    cli-boxes "^1.0.0"
    string-width "^2.0.0"
    term-size "^0.1.0"
    widest-line "^1.0.0"

brace-expansion@^1.1.7:
  version "1.1.8"
  resolved "https://registry.yarnpkg.com/brace-expansion/-/brace-expansion-1.1.8.tgz#c07b211c7c952ec1f8efd51a77ef0d1d3990a292"
  dependencies:
    balanced-match "^1.0.0"
    concat-map "0.0.1"

bytes@2.4.0:
  version "2.4.0"
  resolved "https://registry.yarnpkg.com/bytes/-/bytes-2.4.0.tgz#7d97196f9d5baf7f6935e25985549edd2a6c2339"

camelcase@4.1.0, camelcase@^4.0.0:
  version "4.1.0"
  resolved "https://registry.yarnpkg.com/camelcase/-/camelcase-4.1.0.tgz#d545635be1e33c542649c69173e5de6acfae34dd"

capture-stack-trace@^1.0.0:
  version "1.0.0"
  resolved "https://registry.yarnpkg.com/capture-stack-trace/-/capture-stack-trace-1.0.0.tgz#4a6fa07399c26bba47f0b2496b4d0fb408c5550d"

chalk@1.1.3, chalk@^1.0.0, chalk@^1.1.1:
  version "1.1.3"
  resolved "https://registry.yarnpkg.com/chalk/-/chalk-1.1.3.tgz#a8115c55e4a702fe4d150abd3872822a7e09fc98"
  dependencies:
    ansi-styles "^2.2.1"
    escape-string-regexp "^1.0.2"
    has-ansi "^2.0.0"
    strip-ansi "^3.0.0"
    supports-color "^2.0.0"

cli-boxes@^1.0.0:
  version "1.0.0"
  resolved "https://registry.yarnpkg.com/cli-boxes/-/cli-boxes-1.0.0.tgz#4fa917c3e59c94a004cd61f8ee509da651687143"

clipboardy@1.1.1:
  version "1.1.1"
  resolved "https://registry.yarnpkg.com/clipboardy/-/clipboardy-1.1.1.tgz#75b5a7ac50d83c98025fb6303298c6a9007c16c7"
  dependencies:
    execa "^0.6.0"

code-point-at@^1.0.0:
  version "1.1.0"
  resolved "https://registry.yarnpkg.com/code-point-at/-/code-point-at-1.1.0.tgz#0d070b4d043a5bea33a2f1a40e2edb3d9a4ccf77"

concat-map@0.0.1:
  version "0.0.1"
  resolved "https://registry.yarnpkg.com/concat-map/-/concat-map-0.0.1.tgz#d8a96bd77fd68df7793a73036a3ba0d5405d477b"

configstore@^3.0.0:
  version "3.1.0"
  resolved "https://registry.yarnpkg.com/configstore/-/configstore-3.1.0.tgz#45df907073e26dfa1cf4b2d52f5b60545eaa11d1"
  dependencies:
    dot-prop "^4.1.0"
    graceful-fs "^4.1.2"
    make-dir "^1.0.0"
    unique-string "^1.0.0"
    write-file-atomic "^2.0.0"
    xdg-basedir "^3.0.0"

content-disposition@0.5.2:
  version "0.5.2"
  resolved "https://registry.yarnpkg.com/content-disposition/-/content-disposition-0.5.2.tgz#0cf68bb9ddf5f2be7961c3a85178cb85dba78cb4"

content-type@~1.0.2:
  version "1.0.2"
  resolved "https://registry.yarnpkg.com/content-type/-/content-type-1.0.2.tgz#b7d113aee7a8dd27bd21133c4dc2529df1721eed"

cookie-signature@1.0.6:
  version "1.0.6"
  resolved "https://registry.yarnpkg.com/cookie-signature/-/cookie-signature-1.0.6.tgz#e303a882b342cc3ee8ca513a79999734dab3ae2c"

cookie@0.3.1:
  version "0.3.1"
  resolved "https://registry.yarnpkg.com/cookie/-/cookie-0.3.1.tgz#e7e0a1f9ef43b4c8ba925c5c5a96e806d16873bb"

cors@^2.8.1:
  version "2.8.3"
  resolved "https://registry.yarnpkg.com/cors/-/cors-2.8.3.tgz#4cf78e1d23329a7496b2fc2225b77ca5bb5eb802"
  dependencies:
    object-assign "^4"
    vary "^1"

create-error-class@^3.0.0:
  version "3.0.2"
  resolved "https://registry.yarnpkg.com/create-error-class/-/create-error-class-3.0.2.tgz#06be7abef947a3f14a30fd610671d401bca8b7b6"
  dependencies:
    capture-stack-trace "^1.0.0"

cross-spawn-async@^2.1.1:
  version "2.2.5"
  resolved "https://registry.yarnpkg.com/cross-spawn-async/-/cross-spawn-async-2.2.5.tgz#845ff0c0834a3ded9d160daca6d390906bb288cc"
  dependencies:
    lru-cache "^4.0.0"
    which "^1.2.8"

cross-spawn@^5.0.1:
  version "5.1.0"
  resolved "https://registry.yarnpkg.com/cross-spawn/-/cross-spawn-5.1.0.tgz#e8bd0efee58fcff6f8f94510a0a554bbfa235449"
  dependencies:
    lru-cache "^4.0.1"
    shebang-command "^1.2.0"
    which "^1.2.9"

crypto-random-string@^1.0.0:
  version "1.0.0"
  resolved "https://registry.yarnpkg.com/crypto-random-string/-/crypto-random-string-1.0.0.tgz#a230f64f568310e1498009940790ec99545bca7e"

debug@2.6.7:
  version "2.6.7"
  resolved "https://registry.yarnpkg.com/debug/-/debug-2.6.7.tgz#92bad1f6d05bbb6bba22cca88bcd0ec894c2861e"
  dependencies:
    ms "2.0.0"

debug@2.6.8:
  version "2.6.8"
  resolved "https://registry.yarnpkg.com/debug/-/debug-2.6.8.tgz#e731531ca2ede27d188222427da17821d68ff4fc"
  dependencies:
    ms "2.0.0"

deep-extend@~0.4.0:
  version "0.4.2"
  resolved "https://registry.yarnpkg.com/deep-extend/-/deep-extend-0.4.2.tgz#48b699c27e334bf89f10892be432f6e4c7d34a7f"

depd@1.1.0, depd@~1.1.0:
  version "1.1.0"
  resolved "https://registry.yarnpkg.com/depd/-/depd-1.1.0.tgz#e1bd82c6aab6ced965b97b88b17ed3e528ca18c3"

destroy@~1.0.4:
  version "1.0.4"
  resolved "https://registry.yarnpkg.com/destroy/-/destroy-1.0.4.tgz#978857442c44749e4206613e37946205826abd80"

dot-prop@^4.1.0:
  version "4.1.1"
  resolved "https://registry.yarnpkg.com/dot-prop/-/dot-prop-4.1.1.tgz#a8493f0b7b5eeec82525b5c7587fa7de7ca859c1"
  dependencies:
    is-obj "^1.0.0"

duplexer3@^0.1.4:
  version "0.1.4"
  resolved "https://registry.yarnpkg.com/duplexer3/-/duplexer3-0.1.4.tgz#ee01dd1cac0ed3cbc7fdbea37dc0a8f1ce002ce2"

ee-first@1.1.1:
  version "1.1.1"
  resolved "https://registry.yarnpkg.com/ee-first/-/ee-first-1.1.1.tgz#590c61156b0ae2f4f0255732a158b266bc56b21d"

encodeurl@~1.0.1:
  version "1.0.1"
  resolved "https://registry.yarnpkg.com/encodeurl/-/encodeurl-1.0.1.tgz#79e3d58655346909fe6f0f45a5de68103b294d20"

escape-html@~1.0.3:
  version "1.0.3"
  resolved "https://registry.yarnpkg.com/escape-html/-/escape-html-1.0.3.tgz#0258eae4d3d0c0974de1c169188ef0051d1d1988"

escape-string-regexp@^1.0.2:
  version "1.0.5"
  resolved "https://registry.yarnpkg.com/escape-string-regexp/-/escape-string-regexp-1.0.5.tgz#1b61c0562190a8dff6ae3bb2cf0200ca130b86d4"

etag@~1.8.0:
  version "1.8.0"
  resolved "https://registry.yarnpkg.com/etag/-/etag-1.8.0.tgz#6f631aef336d6c46362b51764044ce216be3c051"

execa@^0.4.0:
  version "0.4.0"
  resolved "https://registry.yarnpkg.com/execa/-/execa-0.4.0.tgz#4eb6467a36a095fabb2970ff9d5e3fb7bce6ebc3"
  dependencies:
    cross-spawn-async "^2.1.1"
    is-stream "^1.1.0"
    npm-run-path "^1.0.0"
    object-assign "^4.0.1"
    path-key "^1.0.0"
    strip-eof "^1.0.0"

execa@^0.6.0:
  version "0.6.3"
  resolved "https://registry.yarnpkg.com/execa/-/execa-0.6.3.tgz#57b69a594f081759c69e5370f0d17b9cb11658fe"
  dependencies:
    cross-spawn "^5.0.1"
    get-stream "^3.0.0"
    is-stream "^1.1.0"
    npm-run-path "^2.0.0"
    p-finally "^1.0.0"
    signal-exit "^3.0.0"
    strip-eof "^1.0.0"

express@^4.15.2:
  version "4.15.3"
  resolved "https://registry.yarnpkg.com/express/-/express-4.15.3.tgz#bab65d0f03aa80c358408972fc700f916944b662"
  dependencies:
    accepts "~1.3.3"
    array-flatten "1.1.1"
    content-disposition "0.5.2"
    content-type "~1.0.2"
    cookie "0.3.1"
    cookie-signature "1.0.6"
    debug "2.6.7"
    depd "~1.1.0"
    encodeurl "~1.0.1"
    escape-html "~1.0.3"
    etag "~1.8.0"
    finalhandler "~1.0.3"
    fresh "0.5.0"
    merge-descriptors "1.0.1"
    methods "~1.1.2"
    on-finished "~2.3.0"
    parseurl "~1.3.1"
    path-to-regexp "0.1.7"
    proxy-addr "~1.1.4"
    qs "6.4.0"
    range-parser "~1.2.0"
    send "0.15.3"
    serve-static "1.12.3"
    setprototypeof "1.0.3"
    statuses "~1.3.1"
    type-is "~1.6.15"
    utils-merge "1.0.0"
    vary "~1.1.1"

finalhandler@~1.0.3:
  version "1.0.3"
  resolved "https://registry.yarnpkg.com/finalhandler/-/finalhandler-1.0.3.tgz#ef47e77950e999780e86022a560e3217e0d0cc89"
  dependencies:
    debug "2.6.7"
    encodeurl "~1.0.1"
    escape-html "~1.0.3"
    on-finished "~2.3.0"
    parseurl "~1.3.1"
    statuses "~1.3.1"
    unpipe "~1.0.0"

forwarded@~0.1.0:
  version "0.1.0"
  resolved "https://registry.yarnpkg.com/forwarded/-/forwarded-0.1.0.tgz#19ef9874c4ae1c297bcf078fde63a09b66a84363"

fresh@0.5.0:
  version "0.5.0"
  resolved "https://registry.yarnpkg.com/fresh/-/fresh-0.5.0.tgz#f474ca5e6a9246d6fd8e0953cfa9b9c805afa78e"

fs.realpath@^1.0.0:
  version "1.0.0"
  resolved "https://registry.yarnpkg.com/fs.realpath/-/fs.realpath-1.0.0.tgz#1504ad2523158caa40db4a2787cb01411994ea4f"

get-port@3.1.0:
  version "3.1.0"
  resolved "https://registry.yarnpkg.com/get-port/-/get-port-3.1.0.tgz#ef01b18a84ca6486970ff99e54446141a73ffd3e"

get-stream@^3.0.0:
  version "3.0.0"
  resolved "https://registry.yarnpkg.com/get-stream/-/get-stream-3.0.0.tgz#8e943d1358dc37555054ecbe2edb05aa174ede14"

glob@^7.1.1:
  version "7.1.2"
  resolved "https://registry.yarnpkg.com/glob/-/glob-7.1.2.tgz#c19c9df9a028702d678612384a6552404c636d15"
  dependencies:
    fs.realpath "^1.0.0"
    inflight "^1.0.4"
    inherits "2"
    minimatch "^3.0.4"
    once "^1.3.0"
    path-is-absolute "^1.0.0"

got@^6.7.1:
  version "6.7.1"
  resolved "https://registry.yarnpkg.com/got/-/got-6.7.1.tgz#240cd05785a9a18e561dc1b44b41c763ef1e8db0"
  dependencies:
    create-error-class "^3.0.0"
    duplexer3 "^0.1.4"
    get-stream "^3.0.0"
    is-redirect "^1.0.0"
    is-retry-allowed "^1.0.0"
    is-stream "^1.0.0"
    lowercase-keys "^1.0.0"
    safe-buffer "^5.0.1"
    timed-out "^4.0.0"
    unzip-response "^2.0.1"
    url-parse-lax "^1.0.0"

graceful-fs@^4.1.11, graceful-fs@^4.1.2:
  version "4.1.11"
  resolved "https://registry.yarnpkg.com/graceful-fs/-/graceful-fs-4.1.11.tgz#0e8bdfe4d1ddb8854d64e04ea7c00e2a026e5658"

has-ansi@^2.0.0:
  version "2.0.0"
  resolved "https://registry.yarnpkg.com/has-ansi/-/has-ansi-2.0.0.tgz#34f5049ce1ecdf2b0649af3ef24e45ed35416d91"
  dependencies:
    ansi-regex "^2.0.0"

http-errors@~1.6.1:
  version "1.6.1"
  resolved "https://registry.yarnpkg.com/http-errors/-/http-errors-1.6.1.tgz#5f8b8ed98aca545656bf572997387f904a722257"
  dependencies:
    depd "1.1.0"
    inherits "2.0.3"
    setprototypeof "1.0.3"
    statuses ">= 1.3.1 < 2"

iconv-lite@0.4.15:
  version "0.4.15"
  resolved "https://registry.yarnpkg.com/iconv-lite/-/iconv-lite-0.4.15.tgz#fe265a218ac6a57cfe854927e9d04c19825eddeb"

imurmurhash@^0.1.4:
  version "0.1.4"
  resolved "https://registry.yarnpkg.com/imurmurhash/-/imurmurhash-0.1.4.tgz#9218b9b2b928a238b13dc4fb6b6d576f231453ea"

inflight@^1.0.4:
  version "1.0.6"
  resolved "https://registry.yarnpkg.com/inflight/-/inflight-1.0.6.tgz#49bd6331d7d02d0c09bc910a1075ba8165b56df9"
  dependencies:
    once "^1.3.0"
    wrappy "1"

inherits@2, inherits@2.0.3:
  version "2.0.3"
  resolved "https://registry.yarnpkg.com/inherits/-/inherits-2.0.3.tgz#633c2c83e3da42a502f52466022480f4208261de"

ini@~1.3.0:
  version "1.3.4"
  resolved "https://registry.yarnpkg.com/ini/-/ini-1.3.4.tgz#0537cb79daf59b59a1a517dff706c86ec039162e"

ip@1.1.5:
  version "1.1.5"
  resolved "https://registry.yarnpkg.com/ip/-/ip-1.1.5.tgz#bdded70114290828c0a039e72ef25f5aaec4354a"

ipaddr.js@1.3.0:
  version "1.3.0"
  resolved "https://registry.yarnpkg.com/ipaddr.js/-/ipaddr.js-1.3.0.tgz#1e03a52fdad83a8bbb2b25cbf4998b4cffcd3dec"

is-async-supported@1.2.0:
  version "1.2.0"
  resolved "https://registry.yarnpkg.com/is-async-supported/-/is-async-supported-1.2.0.tgz#20d58ac4d6707eb1cb3712dd38480c0536f27c07"

is-fullwidth-code-point@^1.0.0:
  version "1.0.0"
  resolved "https://registry.yarnpkg.com/is-fullwidth-code-point/-/is-fullwidth-code-point-1.0.0.tgz#ef9e31386f031a7f0d643af82fde50c457ef00cb"
  dependencies:
    number-is-nan "^1.0.0"

is-fullwidth-code-point@^2.0.0:
  version "2.0.0"
  resolved "https://registry.yarnpkg.com/is-fullwidth-code-point/-/is-fullwidth-code-point-2.0.0.tgz#a3b30a5c4f199183167aaab93beefae3ddfb654f"

is-npm@^1.0.0:
  version "1.0.0"
  resolved "https://registry.yarnpkg.com/is-npm/-/is-npm-1.0.0.tgz#f2fb63a65e4905b406c86072765a1a4dc793b9f4"

is-obj@^1.0.0:
  version "1.0.1"
  resolved "https://registry.yarnpkg.com/is-obj/-/is-obj-1.0.1.tgz#3e4729ac1f5fde025cd7d83a896dab9f4f67db0f"

is-redirect@^1.0.0:
  version "1.0.0"
  resolved "https://registry.yarnpkg.com/is-redirect/-/is-redirect-1.0.0.tgz#1d03dded53bd8db0f30c26e4f95d36fc7c87dc24"

is-retry-allowed@^1.0.0:
  version "1.1.0"
  resolved "https://registry.yarnpkg.com/is-retry-allowed/-/is-retry-allowed-1.1.0.tgz#11a060568b67339444033d0125a61a20d564fb34"

is-stream@^1.0.0, is-stream@^1.1.0:
  version "1.1.0"
  resolved "https://registry.yarnpkg.com/is-stream/-/is-stream-1.1.0.tgz#12d4a3dd4e68e0b79ceb8dbc84173ae80d91ca44"

isexe@^2.0.0:
  version "2.0.0"
  resolved "https://registry.yarnpkg.com/isexe/-/isexe-2.0.0.tgz#e8fbf374dc556ff8947a10dcb0572d633f2cfa10"

isstream@0.1.2:
  version "0.1.2"
  resolved "https://registry.yarnpkg.com/isstream/-/isstream-0.1.2.tgz#47e63f7af55afa6f92e1500e690eb8b8529c099a"

latest-version@^3.0.0:
  version "3.1.0"
  resolved "https://registry.yarnpkg.com/latest-version/-/latest-version-3.1.0.tgz#a205383fea322b33b5ae3b18abee0dc2f356ee15"
  dependencies:
    package-json "^4.0.0"

lazy-req@^2.0.0:
  version "2.0.0"
  resolved "https://registry.yarnpkg.com/lazy-req/-/lazy-req-2.0.0.tgz#c9450a363ecdda2e6f0c70132ad4f37f8f06f2b4"

lodash@^4.13.1:
  version "4.17.4"
  resolved "https://registry.yarnpkg.com/lodash/-/lodash-4.17.4.tgz#78203a4d1c328ae1d86dca6460e369b57f4055ae"

lowercase-keys@^1.0.0:
  version "1.0.0"
  resolved "https://registry.yarnpkg.com/lowercase-keys/-/lowercase-keys-1.0.0.tgz#4e3366b39e7f5457e35f1324bdf6f88d0bfc7306"

lru-cache@^4.0.0, lru-cache@^4.0.1:
  version "4.1.1"
  resolved "https://registry.yarnpkg.com/lru-cache/-/lru-cache-4.1.1.tgz#622e32e82488b49279114a4f9ecf45e7cd6bba55"
  dependencies:
    pseudomap "^1.0.2"
    yallist "^2.1.2"

magic-string@^0.19.0:
  version "0.19.1"
  resolved "https://registry.yarnpkg.com/magic-string/-/magic-string-0.19.1.tgz#14d768013caf2ec8fdea16a49af82fc377e75201"
  dependencies:
    vlq "^0.2.1"

make-dir@^1.0.0:
  version "1.0.0"
  resolved "https://registry.yarnpkg.com/make-dir/-/make-dir-1.0.0.tgz#97a011751e91dd87cfadef58832ebb04936de978"
  dependencies:
    pify "^2.3.0"

media-typer@0.3.0:
  version "0.3.0"
  resolved "https://registry.yarnpkg.com/media-typer/-/media-typer-0.3.0.tgz#8710d7af0aa626f8fffa1ce00168545263255748"

merge-descriptors@1.0.1:
  version "1.0.1"
  resolved "https://registry.yarnpkg.com/merge-descriptors/-/merge-descriptors-1.0.1.tgz#b00aaa556dd8b44568150ec9d1b953f3f90cbb61"

methods@~1.1.2:
  version "1.1.2"
  resolved "https://registry.yarnpkg.com/methods/-/methods-1.1.2.tgz#5529a4d67654134edcc5266656835b0f851afcee"

micro@latest:
  version "7.3.3"
  resolved "https://registry.yarnpkg.com/micro/-/micro-7.3.3.tgz#8261c56d2a31a7df93986eff86441396f2b4b070"
  dependencies:
    args "2.6.1"
    async-to-gen "1.3.3"
    bluebird "3.5.0"
    boxen "1.1.0"
    chalk "1.1.3"
    clipboardy "1.1.1"
    get-port "3.1.0"
    ip "1.1.5"
    is-async-supported "1.2.0"
    isstream "0.1.2"
    media-typer "0.3.0"
    node-version "1.0.0"
    raw-body "2.2.0"
    update-notifier "2.1.0"

mime-db@~1.27.0:
  version "1.27.0"
  resolved "https://registry.yarnpkg.com/mime-db/-/mime-db-1.27.0.tgz#820f572296bbd20ec25ed55e5b5de869e5436eb1"

mime-types@~2.1.11, mime-types@~2.1.15:
  version "2.1.15"
  resolved "https://registry.yarnpkg.com/mime-types/-/mime-types-2.1.15.tgz#a4ebf5064094569237b8cf70046776d09fc92aed"
  dependencies:
    mime-db "~1.27.0"

mime@1.3.4:
  version "1.3.4"
  resolved "https://registry.yarnpkg.com/mime/-/mime-1.3.4.tgz#115f9e3b6b3daf2959983cb38f149a2d40eb5d53"

minimatch@^3.0.4:
  version "3.0.4"
  resolved "https://registry.yarnpkg.com/minimatch/-/minimatch-3.0.4.tgz#5166e286457f03306064be5497e8dbb0c3d32083"
  dependencies:
    brace-expansion "^1.1.7"

minimist@1.2.0, minimist@^1.2.0:
  version "1.2.0"
  resolved "https://registry.yarnpkg.com/minimist/-/minimist-1.2.0.tgz#a35008b20f41383eec1fb914f4cd5df79a264284"

morgan@^1.8.1:
  version "1.8.2"
  resolved "https://registry.yarnpkg.com/morgan/-/morgan-1.8.2.tgz#784ac7734e4a453a9c6e6e8680a9329275c8b687"
  dependencies:
    basic-auth "~1.1.0"
    debug "2.6.8"
    depd "~1.1.0"
    on-finished "~2.3.0"
    on-headers "~1.0.1"

ms@2.0.0:
  version "2.0.0"
  resolved "https://registry.yarnpkg.com/ms/-/ms-2.0.0.tgz#5608aeadfc00be6c2901df5f9861788de0d597c8"

negotiator@0.6.1:
  version "0.6.1"
  resolved "https://registry.yarnpkg.com/negotiator/-/negotiator-0.6.1.tgz#2b327184e8992101177b28563fb5e7102acd0ca9"

node-version@1.0.0:
  version "1.0.0"
  resolved "https://registry.yarnpkg.com/node-version/-/node-version-1.0.0.tgz#1b9b9584a9a7f7a6123f215cd14a652bf21ab19e"

npm-run-path@^1.0.0:
  version "1.0.0"
  resolved "https://registry.yarnpkg.com/npm-run-path/-/npm-run-path-1.0.0.tgz#f5c32bf595fe81ae927daec52e82f8b000ac3c8f"
  dependencies:
    path-key "^1.0.0"

npm-run-path@^2.0.0:
  version "2.0.2"
  resolved "https://registry.yarnpkg.com/npm-run-path/-/npm-run-path-2.0.2.tgz#35a9232dfa35d7067b4cb2ddf2357b1871536c5f"
  dependencies:
    path-key "^2.0.0"

number-is-nan@^1.0.0:
  version "1.0.1"
  resolved "https://registry.yarnpkg.com/number-is-nan/-/number-is-nan-1.0.1.tgz#097b602b53422a522c1afb8790318336941a011d"

object-assign@^4, object-assign@^4.0.1:
  version "4.1.1"
  resolved "https://registry.yarnpkg.com/object-assign/-/object-assign-4.1.1.tgz#2109adc7965887cfc05cbbd442cac8bfbb360863"

on-finished@~2.3.0:
  version "2.3.0"
  resolved "https://registry.yarnpkg.com/on-finished/-/on-finished-2.3.0.tgz#20f1336481b083cd75337992a16971aa2d906947"
  dependencies:
    ee-first "1.1.1"

on-headers@~1.0.1:
  version "1.0.1"
  resolved "https://registry.yarnpkg.com/on-headers/-/on-headers-1.0.1.tgz#928f5d0f470d49342651ea6794b0857c100693f7"

once@^1.3.0:
  version "1.4.0"
  resolved "https://registry.yarnpkg.com/once/-/once-1.4.0.tgz#583b1aa775961d4b113ac17d9c50baef9dd76bd1"
  dependencies:
    wrappy "1"

p-finally@^1.0.0:
  version "1.0.0"
  resolved "https://registry.yarnpkg.com/p-finally/-/p-finally-1.0.0.tgz#3fbcfb15b899a44123b34b6dcc18b724336a2cae"

package-json@^4.0.0:
  version "4.0.1"
  resolved "https://registry.yarnpkg.com/package-json/-/package-json-4.0.1.tgz#8869a0401253661c4c4ca3da6c2121ed555f5eed"
  dependencies:
    got "^6.7.1"
    registry-auth-token "^3.0.1"
    registry-url "^3.0.3"
    semver "^5.1.0"

parseurl@~1.3.1:
  version "1.3.1"
  resolved "https://registry.yarnpkg.com/parseurl/-/parseurl-1.3.1.tgz#c8ab8c9223ba34888aa64a297b28853bec18da56"

path-is-absolute@^1.0.0:
  version "1.0.1"
  resolved "https://registry.yarnpkg.com/path-is-absolute/-/path-is-absolute-1.0.1.tgz#174b9268735534ffbc7ace6bf53a5a9e1b5c5f5f"

path-key@^1.0.0:
  version "1.0.0"
  resolved "https://registry.yarnpkg.com/path-key/-/path-key-1.0.0.tgz#5d53d578019646c0d68800db4e146e6bdc2ac7af"

path-key@^2.0.0:
  version "2.0.1"
  resolved "https://registry.yarnpkg.com/path-key/-/path-key-2.0.1.tgz#411cadb574c5a140d3a4b1910d40d80cc9f40b40"

path-to-regexp@0.1.7:
  version "0.1.7"
  resolved "https://registry.yarnpkg.com/path-to-regexp/-/path-to-regexp-0.1.7.tgz#df604178005f522f15eb4490e7247a1bfaa67f8c"

pify@^2.3.0:
  version "2.3.0"
  resolved "https://registry.yarnpkg.com/pify/-/pify-2.3.0.tgz#ed141a6ac043a849ea588498e7dca8b15330e90c"

pkginfo@0.4.0:
  version "0.4.0"
  resolved "https://registry.yarnpkg.com/pkginfo/-/pkginfo-0.4.0.tgz#349dbb7ffd38081fcadc0853df687f0c7744cd65"

prepend-http@^1.0.1:
  version "1.0.4"
  resolved "https://registry.yarnpkg.com/prepend-http/-/prepend-http-1.0.4.tgz#d4f4562b0ce3696e41ac52d0e002e57a635dc6dc"

proxy-addr@~1.1.4:
  version "1.1.4"
  resolved "https://registry.yarnpkg.com/proxy-addr/-/proxy-addr-1.1.4.tgz#27e545f6960a44a627d9b44467e35c1b6b4ce2f3"
  dependencies:
    forwarded "~0.1.0"
    ipaddr.js "1.3.0"

pseudomap@^1.0.2:
  version "1.0.2"
  resolved "https://registry.yarnpkg.com/pseudomap/-/pseudomap-1.0.2.tgz#f052a28da70e618917ef0a8ac34c1ae5a68286b3"

qs@6.4.0:
  version "6.4.0"
  resolved "https://registry.yarnpkg.com/qs/-/qs-6.4.0.tgz#13e26d28ad6b0ffaa91312cd3bf708ed351e7233"

range-parser@~1.2.0:
  version "1.2.0"
  resolved "https://registry.yarnpkg.com/range-parser/-/range-parser-1.2.0.tgz#f49be6b487894ddc40dcc94a322f611092e00d5e"

raw-body@2.2.0, raw-body@~2.2.0:
  version "2.2.0"
  resolved "https://registry.yarnpkg.com/raw-body/-/raw-body-2.2.0.tgz#994976cf6a5096a41162840492f0bdc5d6e7fb96"
  dependencies:
    bytes "2.4.0"
    iconv-lite "0.4.15"
    unpipe "1.0.0"

rc@^1.0.1, rc@^1.1.6:
  version "1.2.1"
  resolved "https://registry.yarnpkg.com/rc/-/rc-1.2.1.tgz#2e03e8e42ee450b8cb3dce65be1bf8974e1dfd95"
  dependencies:
    deep-extend "~0.4.0"
    ini "~1.3.0"
    minimist "^1.2.0"
    strip-json-comments "~2.0.1"

registry-auth-token@^3.0.1:
  version "3.3.1"
  resolved "https://registry.yarnpkg.com/registry-auth-token/-/registry-auth-token-3.3.1.tgz#fb0d3289ee0d9ada2cbb52af5dfe66cb070d3006"
  dependencies:
    rc "^1.1.6"
    safe-buffer "^5.0.1"

registry-url@^3.0.3:
  version "3.1.0"
  resolved "https://registry.yarnpkg.com/registry-url/-/registry-url-3.1.0.tgz#3d4ef870f73dde1d77f0cf9a381432444e174942"
  dependencies:
    rc "^1.0.1"

safe-buffer@^5.0.1:
  version "5.1.1"
  resolved "https://registry.yarnpkg.com/safe-buffer/-/safe-buffer-5.1.1.tgz#893312af69b2123def71f57889001671eeb2c853"

semver-diff@^2.0.0:
  version "2.1.0"
  resolved "https://registry.yarnpkg.com/semver-diff/-/semver-diff-2.1.0.tgz#4bbb8437c8d37e4b0cf1a68fd726ec6d645d6d36"
  dependencies:
    semver "^5.0.3"

semver@^5.0.3, semver@^5.1.0:
  version "5.3.0"
  resolved "https://registry.yarnpkg.com/semver/-/semver-5.3.0.tgz#9b2ce5d3de02d17c6012ad326aa6b4d0cf54f94f"

send@0.15.3:
  version "0.15.3"
  resolved "https://registry.yarnpkg.com/send/-/send-0.15.3.tgz#5013f9f99023df50d1bd9892c19e3defd1d53309"
  dependencies:
    debug "2.6.7"
    depd "~1.1.0"
    destroy "~1.0.4"
    encodeurl "~1.0.1"
    escape-html "~1.0.3"
    etag "~1.8.0"
    fresh "0.5.0"
    http-errors "~1.6.1"
    mime "1.3.4"
    ms "2.0.0"
    on-finished "~2.3.0"
    range-parser "~1.2.0"
    statuses "~1.3.1"

serve-static@1.12.3:
  version "1.12.3"
  resolved "https://registry.yarnpkg.com/serve-static/-/serve-static-1.12.3.tgz#9f4ba19e2f3030c547f8af99107838ec38d5b1e2"
  dependencies:
    encodeurl "~1.0.1"
    escape-html "~1.0.3"
    parseurl "~1.3.1"
    send "0.15.3"

setprototypeof@1.0.3:
  version "1.0.3"
  resolved "https://registry.yarnpkg.com/setprototypeof/-/setprototypeof-1.0.3.tgz#66567e37043eeb4f04d91bd658c0cbefb55b8e04"

shebang-command@^1.2.0:
  version "1.2.0"
  resolved "https://registry.yarnpkg.com/shebang-command/-/shebang-command-1.2.0.tgz#44aac65b695b03398968c39f363fee5deafdf1ea"
  dependencies:
    shebang-regex "^1.0.0"

shebang-regex@^1.0.0:
  version "1.0.0"
  resolved "https://registry.yarnpkg.com/shebang-regex/-/shebang-regex-1.0.0.tgz#da42f49740c0b42db2ca9728571cb190c98efea3"

signal-exit@^3.0.0:
  version "3.0.2"
  resolved "https://registry.yarnpkg.com/signal-exit/-/signal-exit-3.0.2.tgz#b5fdc08f1287ea1178628e415e25132b73646c6d"

slide@^1.1.5:
  version "1.1.6"
  resolved "https://registry.yarnpkg.com/slide/-/slide-1.1.6.tgz#56eb027d65b4d2dce6cb2e2d32c4d4afc9e1d707"

"statuses@>= 1.3.1 < 2", statuses@~1.3.1:
  version "1.3.1"
  resolved "https://registry.yarnpkg.com/statuses/-/statuses-1.3.1.tgz#faf51b9eb74aaef3b3acf4ad5f61abf24cb7b93e"

string-similarity@1.1.0:
  version "1.1.0"
  resolved "https://registry.yarnpkg.com/string-similarity/-/string-similarity-1.1.0.tgz#3c66498858a465ec7c40c7d81739bbd995904914"
  dependencies:
    lodash "^4.13.1"

string-width@^1.0.1:
  version "1.0.2"
  resolved "https://registry.yarnpkg.com/string-width/-/string-width-1.0.2.tgz#118bdf5b8cdc51a2a7e70d211e07e2b0b9b107d3"
  dependencies:
    code-point-at "^1.0.0"
    is-fullwidth-code-point "^1.0.0"
    strip-ansi "^3.0.0"

string-width@^2.0.0:
  version "2.1.0"
  resolved "https://registry.yarnpkg.com/string-width/-/string-width-2.1.0.tgz#030664561fc146c9423ec7d978fe2457437fe6d0"
  dependencies:
    is-fullwidth-code-point "^2.0.0"
    strip-ansi "^4.0.0"

strip-ansi@^3.0.0:
  version "3.0.1"
  resolved "https://registry.yarnpkg.com/strip-ansi/-/strip-ansi-3.0.1.tgz#6a385fb8853d952d5ff05d0e8aaf94278dc63dcf"
  dependencies:
    ansi-regex "^2.0.0"

strip-ansi@^4.0.0:
  version "4.0.0"
  resolved "https://registry.yarnpkg.com/strip-ansi/-/strip-ansi-4.0.0.tgz#a8479022eb1ac368a871389b635262c505ee368f"
  dependencies:
    ansi-regex "^3.0.0"

strip-eof@^1.0.0:
  version "1.0.0"
  resolved "https://registry.yarnpkg.com/strip-eof/-/strip-eof-1.0.0.tgz#bb43ff5598a6eb05d89b59fcd129c983313606bf"

strip-json-comments@~2.0.1:
  version "2.0.1"
  resolved "https://registry.yarnpkg.com/strip-json-comments/-/strip-json-comments-2.0.1.tgz#3c531942e908c2697c0ec344858c286c7ca0a60a"

supports-color@^2.0.0:
  version "2.0.0"
  resolved "https://registry.yarnpkg.com/supports-color/-/supports-color-2.0.0.tgz#535d045ce6b6363fa40117084629995e9df324c7"

term-size@^0.1.0:
  version "0.1.1"
  resolved "https://registry.yarnpkg.com/term-size/-/term-size-0.1.1.tgz#87360b96396cab5760963714cda0d0cbeecad9ca"
  dependencies:
    execa "^0.4.0"

timed-out@^4.0.0:
  version "4.0.1"
  resolved "https://registry.yarnpkg.com/timed-out/-/timed-out-4.0.1.tgz#f32eacac5a175bea25d7fab565ab3ed8741ef56f"

type-is@~1.6.15:
  version "1.6.15"
  resolved "https://registry.yarnpkg.com/type-is/-/type-is-1.6.15.tgz#cab10fb4909e441c82842eafe1ad646c81804410"
  dependencies:
    media-typer "0.3.0"
    mime-types "~2.1.15"

unique-string@^1.0.0:
  version "1.0.0"
  resolved "https://registry.yarnpkg.com/unique-string/-/unique-string-1.0.0.tgz#9e1057cca851abb93398f8b33ae187b99caec11a"
  dependencies:
    crypto-random-string "^1.0.0"

unpipe@1.0.0, unpipe@~1.0.0:
  version "1.0.0"
  resolved "https://registry.yarnpkg.com/unpipe/-/unpipe-1.0.0.tgz#b2bf4ee8514aae6165b4817829d21b2ef49904ec"

unzip-response@^2.0.1:
  version "2.0.1"
  resolved "https://registry.yarnpkg.com/unzip-response/-/unzip-response-2.0.1.tgz#d2f0f737d16b0615e72a6935ed04214572d56f97"

update-notifier@2.1.0:
  version "2.1.0"
  resolved "https://registry.yarnpkg.com/update-notifier/-/update-notifier-2.1.0.tgz#ec0c1e53536b76647a24b77cb83966d9315123d9"
  dependencies:
    boxen "^1.0.0"
    chalk "^1.0.0"
    configstore "^3.0.0"
    is-npm "^1.0.0"
    latest-version "^3.0.0"
    lazy-req "^2.0.0"
    semver-diff "^2.0.0"
    xdg-basedir "^3.0.0"

url-parse-lax@^1.0.0:
  version "1.0.0"
  resolved "https://registry.yarnpkg.com/url-parse-lax/-/url-parse-lax-1.0.0.tgz#7af8f303645e9bd79a272e7a14ac68bc0609da73"
  dependencies:
    prepend-http "^1.0.1"

utils-merge@1.0.0:
  version "1.0.0"
  resolved "https://registry.yarnpkg.com/utils-merge/-/utils-merge-1.0.0.tgz#0294fb922bb9375153541c4f7096231f287c8af8"

vary@^1, vary@~1.1.1:
  version "1.1.1"
  resolved "https://registry.yarnpkg.com/vary/-/vary-1.1.1.tgz#67535ebb694c1d52257457984665323f587e8d37"

vlq@^0.2.1:
  version "0.2.2"
  resolved "https://registry.yarnpkg.com/vlq/-/vlq-0.2.2.tgz#e316d5257b40b86bb43cb8d5fea5d7f54d6b0ca1"

which@^1.2.8, which@^1.2.9:
  version "1.2.14"
  resolved "https://registry.yarnpkg.com/which/-/which-1.2.14.tgz#9a87c4378f03e827cecaf1acdf56c736c01c14e5"
  dependencies:
    isexe "^2.0.0"

widest-line@^1.0.0:
  version "1.0.0"
  resolved "https://registry.yarnpkg.com/widest-line/-/widest-line-1.0.0.tgz#0c09c85c2a94683d0d7eaf8ee097d564bf0e105c"
  dependencies:
    string-width "^1.0.1"

wrappy@1:
  version "1.0.2"
  resolved "https://registry.yarnpkg.com/wrappy/-/wrappy-1.0.2.tgz#b5243d8f3ec1aa35f1364605bc0d1036e30ab69f"

write-file-atomic@^2.0.0:
  version "2.1.0"
  resolved "https://registry.yarnpkg.com/write-file-atomic/-/write-file-atomic-2.1.0.tgz#1769f4b551eedce419f0505deae2e26763542d37"
  dependencies:
    graceful-fs "^4.1.11"
    imurmurhash "^0.1.4"
    slide "^1.1.5"

xdg-basedir@^3.0.0:
  version "3.0.0"
  resolved "https://registry.yarnpkg.com/xdg-basedir/-/xdg-basedir-3.0.0.tgz#496b2cc109eca8dbacfe2dc72b603c17c5870ad4"

yallist@^2.1.2:
  version "2.1.2"
  resolved "https://registry.yarnpkg.com/yallist/-/yallist-2.1.2.tgz#1c11f9218f076089a47dd512f93c6699a6a81d52"
